# THIS IS AN AUTOGENERATED FILE. DO NOT EDIT THIS FILE DIRECTLY.
# yarn lockfile v1


"@gctools-components/aurora-ds@^0.3.3":
  version "0.3.3"
  resolved "https://registry.yarnpkg.com/@gctools-components/aurora-ds/-/aurora-ds-0.3.3.tgz#ddd86e9451eaddb49e411c0c4267d537fa45cc99"
  integrity sha512-GK7nEQnzrNy+G3U9skBTiqPbrJZKs89FX8IKGBo6oMO21MSmtnlF880DRtIZojXTxYW5MKNZK9gb6nfOvEvEYA==

font-awesome@^4.7.0:
  version "4.7.0"
  resolved "https://registry.yarnpkg.com/font-awesome/-/font-awesome-4.7.0.tgz#8fa8cf0411a1a31afd07b06d2902bb9fc815a133"
  integrity sha1-j6jPBBGhoxr9B7BtKQK7n8gVoTM=

reveal@^0.0.4:
  version "0.0.4"
  resolved "https://registry.yarnpkg.com/reveal/-/reveal-0.0.4.tgz#1c1428193359fb03bc029139062ea29f8f691d85"
  integrity sha1-HBQoGTNZ+wO8ApE5Bi6in49pHYU=
